{
    "requires": true,
    "lockfileVersion": 1,
    "dependencies": {
        "v-calendar": {
            "version": "0.9.7",
            "resolved": "https://registry.npmjs.org/v-calendar/-/v-calendar-0.9.7.tgz",
            "integrity": "sha512-xwSS7i81WGKkQfbNQ0SFdjPBKuXVK4F4y2rT1SGI8oiQbYyoI0PgT1NT0RZ+8FaFeEog6pms6ZMUAswrUe8QHg==",
            "requires": {
                "vue": "^2.5.0"
            }
        },
        "vue": {
            "version": "2.6.8",
            "resolved": "https://registry.npmjs.org/vue/-/vue-2.6.8.tgz",
            "integrity": "sha512-+vp9lEC2Kt3yom673pzg1J7T1NVGuGzO9j8Wxno+rQN2WYVBX2pyo/RGQ3fXCLh2Pk76Skw/laAPCuBuEQ4diw=="
        }
    }
}
